
Microsoft Visual Studio Solution File, Format Version 12.00
# Visual Studio Version 17
VisualStudioVersion = 17.13.35931.197 d17.13
MinimumVisualStudioVersion = 10.0.40219.1
Project("{FAE04EC0-301F-11D3-BF4B-00C04F79EFBC}") = "PortafolioM", "PortafolioM.csproj", "{D629A891-D1FE-69FE-ED5C-3C42AE984816}"
EndProject
Global
	GlobalSection(SolutionConfigurationPlatforms) = preSolution
		Debug|Any CPU = Debug|Any CPU
		Release|Any CPU = Release|Any CPU
	EndGlobalSection
	GlobalSection(ProjectConfigurationPlatforms) = postSolution
		{D629A891-D1FE-69FE-ED5C-3C42AE984816}.Debug|Any CPU.ActiveCfg = Debug|Any CPU
		{D629A891-D1FE-69FE-ED5C-3C42AE984816}.Debug|Any CPU.Build.0 = Debug|Any CPU
		{D629A891-D1FE-69FE-ED5C-3C42AE984816}.Release|Any CPU.ActiveCfg = Release|Any CPU
		{D629A891-D1FE-69FE-ED5C-3C42AE984816}.Release|Any CPU.Build.0 = Release|Any CPU
	EndGlobalSection
	GlobalSection(SolutionProperties) = preSolution
		HideSolutionNode = FALSE
	EndGlobalSection
	GlobalSection(ExtensibilityGlobals) = postSolution
		SolutionGuid = {BF7E7D7E-D2F1-49F6-A09F-A1BA63EED6D8}
	EndGlobalSection
EndGlobal
